
Microsoft Visual Studio Solution File, Format Version 12.00
# Visual Studio Version 17
VisualStudioVersion = 17.7.34031.279
MinimumVisualStudioVersion = 10.0.40219.1
Project("{FAE04EC0-301F-11D3-BF4B-00C04F79EFBC}") = "Gomoku", "Gomoku\Gomoku.csproj", "{0D7C9ACF-FF92-454F-BDE9-0B6E1A91F6FC}"
EndProject
Project("{FAE04EC0-301F-11D3-BF4B-00C04F79EFBC}") = "Gomoku.Tests", "Gomoku.Tests\Gomoku.Tests.csproj", "{2A490CE2-D555-410D-97D4-12E8332D2227}"
	ProjectSection(ProjectDependencies) = postProject
		{0D7C9ACF-FF92-454F-BDE9-0B6E1A91F6FC} = {0D7C9ACF-FF92-454F-BDE9-0B6E1A91F6FC}
	EndProjectSection
EndProject
Global
	GlobalSection(SolutionConfigurationPlatforms) = preSolution
		Debug|Any CPU = Debug|Any CPU
		Release|Any CPU = Release|Any CPU
	EndGlobalSection
	GlobalSection(ProjectConfigurationPlatforms) = postSolution
		{0D7C9ACF-FF92-454F-BDE9-0B6E1A91F6FC}.Debug|Any CPU.ActiveCfg = Debug|Any CPU
		{0D7C9ACF-FF92-454F-BDE9-0B6E1A91F6FC}.Debug|Any CPU.Build.0 = Debug|Any CPU
		{0D7C9ACF-FF92-454F-BDE9-0B6E1A91F6FC}.Release|Any CPU.ActiveCfg = Release|Any CPU
		{0D7C9ACF-FF92-454F-BDE9-0B6E1A91F6FC}.Release|Any CPU.Build.0 = Release|Any CPU
		{2A490CE2-D555-410D-97D4-12E8332D2227}.Debug|Any CPU.ActiveCfg = Debug|Any CPU
		{2A490CE2-D555-410D-97D4-12E8332D2227}.Debug|Any CPU.Build.0 = Debug|Any CPU
		{2A490CE2-D555-410D-97D4-12E8332D2227}.Release|Any CPU.ActiveCfg = Release|Any CPU
		{2A490CE2-D555-410D-97D4-12E8332D2227}.Release|Any CPU.Build.0 = Release|Any CPU
	EndGlobalSection
	GlobalSection(SolutionProperties) = preSolution
		HideSolutionNode = FALSE
	EndGlobalSection
	GlobalSection(ExtensibilityGlobals) = postSolution
		SolutionGuid = {FC4CBB8C-B61A-4CEF-BA45-BCB1B0D8AB20}
	EndGlobalSection
EndGlobal
